// !$*UTF8*$!
{
	archiveVersion = 1;
	classes = {
	};
	objectVersion = 46;
	objects = {

/* Begin PBXBuildFile section */
		1F3F6D5A1DD1812100A5EEB7 /* AppDelegate.swift in Sources */ = {isa = PBXBuildFile; fileRef = 1F3F6D591DD1812100A5EEB7 /* AppDelegate.swift */; };
		1F3F6D5C1DD1812100A5EEB7 /* ViewController.swift in Sources */ = {isa = PBXBuildFile; fileRef = 1F3F6D5B1DD1812100A5EEB7 /* ViewController.swift */; };
		1F3F6D5F1DD1812100A5EEB7 /* Main.storyboard in Resources */ = {isa = PBXBuildFile; fileRef = 1F3F6D5D1DD1812100A5EEB7 /* Main.storyboard */; };
		1F3F6D611DD1812100A5EEB7 /* Assets.xcassets in Resources */ = {isa = PBXBuildFile; fileRef = 1F3F6D601DD1812100A5EEB7 /* Assets.xcassets */; };
		1F3F6D641DD1812100A5EEB7 /* LaunchScreen.storyboard in Resources */ = {isa = PBXBuildFile; fileRef = 1F3F6D621DD1812100A5EEB7 /* LaunchScreen.storyboard */; };
		1F3F6D6F1DD1812100A5EEB7 /* KueTests.swift in Sources */ = {isa = PBXBuildFile; fileRef = 1F3F6D6E1DD1812100A5EEB7 /* KueTests.swift */; };
		1F3F6D7A1DD1812100A5EEB7 /* KueUITests.swift in Sources */ = {isa = PBXBuildFile; fileRef = 1F3F6D791DD1812100A5EEB7 /* KueUITests.swift */; };
/* End PBXBuildFile section */

/* Begin PBXContainerItemProxy section */
		1F3F6D6B1DD1812100A5EEB7 /* PBXContainerItemProxy */ = {
			isa = PBXContainerItemProxy;
			containerPortal = 1F3F6D4E1DD1812100A5EEB7 /* Project object */;
			proxyType = 1;
			remoteGlobalIDString = 1F3F6D551DD1812100A5EEB7;
			remoteInfo = Kue;
		};
		1F3F6D761DD1812100A5EEB7 /* PBXContainerItemProxy */ = {
			isa = PBXContainerItemProxy;
			containerPortal = 1F3F6D4E1DD1812100A5EEB7 /* Project object */;
			proxyType = 1;
			remoteGlobalIDString = 1F3F6D551DD1812100A5EEB7;
			remoteInfo = Kue;
		};
/* End PBXContainerItemProxy section */

/* Begin PBXFileReference section */
		1F3F6D561DD1812100A5EEB7 /* Kue.app */ = {isa = PBXFileReference; explicitFileType = wrapper.application; includeInIndex = 0; path = Kue.app; sourceTree = BUILT_PRODUCTS_DIR; };
		1F3F6D591DD1812100A5EEB7 /* AppDelegate.swift */ = {isa = PBXFileReference; lastKnownFileType = sourcecode.swift; path = AppDelegate.swift; sourceTree = "<group>"; };
		1F3F6D5B1DD1812100A5EEB7 /* ViewController.swift */ = {isa = PBXFileReference; lastKnownFileType = sourcecode.swift; path = ViewController.swift; sourceTree = "<group>"; };
		1F3F6D5E1DD1812100A5EEB7 /* Base */ = {isa = PBXFileReference; lastKnownFileType = file.storyboard; name = Base; path = Base.lproj/Main.storyboard; sourceTree = "<group>"; };
		1F3F6D601DD1812100A5EEB7 /* Assets.xcassets */ = {isa = PBXFileReference; lastKnownFileType = folder.assetcatalog; path = Assets.xcassets; sourceTree = "<group>"; };
		1F3F6D631DD1812100A5EEB7 /* Base */ = {isa = PBXFileReference; lastKnownFileType = file.storyboard; name = Base; path = Base.lproj/LaunchScreen.storyboard; sourceTree = "<group>"; };
		1F3F6D651DD1812100A5EEB7 /* Info.plist */ = {isa = PBXFileReference; lastKnownFileType = text.plist.xml; path = Info.plist; sourceTree = "<group>"; };
		1F3F6D6A1DD1812100A5EEB7 /* KueTests.xctest */ = {isa = PBXFileReference; explicitFileType = wrapper.cfbundle; includeInIndex = 0; path = KueTests.xctest; sourceTree = BUILT_PRODUCTS_DIR; };
		1F3F6D6E1DD1812100A5EEB7 /* KueTests.swift */ = {isa = PBXFileReference; lastKnownFileType = sourcecode.swift; path = KueTests.swift; sourceTree = "<group>"; };
		1F3F6D701DD1812100A5EEB7 /* Info.plist */ = {isa = PBXFileReference; lastKnownFileType = text.plist.xml; path = Info.plist; sourceTree = "<group>"; };
		1F3F6D751DD1812100A5EEB7 /* KueUITests.xctest */ = {isa = PBXFileReference; explicitFileType = wrapper.cfbundle; includeInIndex = 0; path = KueUITests.xctest; sourceTree = BUILT_PRODUCTS_DIR; };
		1F3F6D791DD1812100A5EEB7 /* KueUITests.swift */ = {isa = PBXFileReference; lastKnownFileType = sourcecode.swift; path = KueUITests.swift; sourceTree = "<group>"; };
		1F3F6D7B1DD1812100A5EEB7 /* Info.plist */ = {isa = PBXFileReference; lastKnownFileType = text.plist.xml; path = Info.plist; sourceTree = "<group>"; };
/* End PBXFileReference section */

/* Begin PBXFrameworksBuildPhase section */
		1F3F6D531DD1812100A5EEB7 /* Frameworks */ = {
			isa = PBXFrameworksBuildPhase;
			buildActionMask = 2147483647;
			files = (
			);
			runOnlyForDeploymentPostprocessing = 0;
		};
		1F3F6D671DD1812100A5EEB7 /* Frameworks */ = {
			isa = PBXFrameworksBuildPhase;
			buildActionMask = 2147483647;
			files = (
			);
			runOnlyForDeploymentPostprocessing = 0;
		};
		1F3F6D721DD1812100A5EEB7 /* Frameworks */ = {
			isa = PBXFrameworksBuildPhase;
			buildActionMask = 2147483647;
			files = (
			);
			runOnlyForDeploymentPostprocessing = 0;
		};
/* End PBXFrameworksBuildPhase section */

/* Begin PBXGroup section */
		1F3F6D4D1DD1812100A5EEB7 = {
			isa = PBXGroup;
			children = (
				1F3F6D581DD1812100A5EEB7 /* Kue */,
				1F3F6D6D1DD1812100A5EEB7 /* KueTests */,
				1F3F6D781DD1812100A5EEB7 /* KueUITests */,
				1F3F6D571DD1812100A5EEB7 /* Products */,
			);
			sourceTree = "<group>";
		};
		1F3F6D571DD1812100A5EEB7 /* Products */ = {
			isa = PBXGroup;
			children = (
				1F3F6D561DD1812100A5EEB7 /* Kue.app */,
				1F3F6D6A1DD1812100A5EEB7 /* KueTests.xctest */,
				1F3F6D751DD1812100A5EEB7 /* KueUITests.xctest */,
			);
			name = Products;
			sourceTree = "<group>";
		};
		1F3F6D581DD1812100A5EEB7 /* Kue */ = {
			isa = PBXGroup;
			children = (
				1F3F6D591DD1812100A5EEB7 /* AppDelegate.swift */,
				1F3F6D5B1DD1812100A5EEB7 /* ViewController.swift */,
				1F3F6D5D1DD1812100A5EEB7 /* Main.storyboard */,
				1F3F6D601DD1812100A5EEB7 /* Assets.xcassets */,
				1F3F6D621DD1812100A5EEB7 /* LaunchScreen.storyboard */,
				1F3F6D651DD1812100A5EEB7 /* Info.plist */,
			);
			path = Kue;
			sourceTree = "<group>";
		};
		1F3F6D6D1DD1812100A5EEB7 /* KueTests */ = {
			isa = PBXGroup;
			children = (
				1F3F6D6E1DD1812100A5EEB7 /* KueTests.swift */,
				1F3F6D701DD1812100A5EEB7 /* Info.plist */,
			);
			path = KueTests;
			sourceTree = "<group>";
		};
		1F3F6D781DD1812100A5EEB7 /* KueUITests */ = {
			isa = PBXGroup;
			children = (
				1F3F6D791DD1812100A5EEB7 /* KueUITests.swift */,
				1F3F6D7B1DD1812100A5EEB7 /* Info.plist */,
			);
			path = KueUITests;
			sourceTree = "<group>";
		};
/* End PBXGroup section */

/* Begin PBXNativeTarget section */
		1F3F6D551DD1812100A5EEB7 /* Kue */ = {
			isa = PBXNativeTarget;
			buildConfigurationList = 1F3F6D7E1DD1812100A5EEB7 /* Build configuration list for PBXNativeTarget "Kue" */;
			buildPhases = (
				1F3F6D521DD1812100A5EEB7 /* Sources */,
				1F3F6D531DD1812100A5EEB7 /* Frameworks */,
				1F3F6D541DD1812100A5EEB7 /* Resources */,
			);
			buildRules = (
			);
			dependencies = (
			);
			name = Kue;
			productName = Kue;
			productReference = 1F3F6D561DD1812100A5EEB7 /* Kue.app */;
			productType = "com.apple.product-type.application";
		};
		1F3F6D691DD1812100A5EEB7 /* KueTests */ = {
			isa = PBXNativeTarget;
			buildConfigurationList = 1F3F6D811DD1812100A5EEB7 /* Build configuration list for PBXNativeTarget "KueTests" */;
			buildPhases = (
				1F3F6D661DD1812100A5EEB7 /* Sources */,
				1F3F6D671DD1812100A5EEB7 /* Frameworks */,
				1F3F6D681DD1812100A5EEB7 /* Resources */,
			);
			buildRules = (
			);
			dependencies = (
				1F3F6D6C1DD1812100A5EEB7 /* PBXTargetDependency */,
			);
			name = KueTests;
			productName = KueTests;
			productReference = 1F3F6D6A1DD1812100A5EEB7 /* KueTests.xctest */;
			productType = "com.apple.product-type.bundle.unit-test";
		};
		1F3F6D741DD1812100A5EEB7 /* KueUITests */ = {
			isa = PBXNativeTarget;
			buildConfigurationList = 1F3F6D841DD1812100A5EEB7 /* Build configuration list for PBXNativeTarget "KueUITests" */;
			buildPhases = (
				1F3F6D711DD1812100A5EEB7 /* Sources */,
				1F3F6D721DD1812100A5EEB7 /* Frameworks */,
				1F3F6D731DD1812100A5EEB7 /* Resources */,
			);
			buildRules = (
			);
			dependencies = (
				1F3F6D771DD1812100A5EEB7 /* PBXTargetDependency */,
			);
			name = KueUITests;
			productName = KueUITests;
			productReference = 1F3F6D751DD1812100A5EEB7 /* KueUITests.xctest */;
			productType = "com.apple.product-type.bundle.ui-testing";
		};
/* End PBXNativeTarget section */

/* Begin PBXProject section */
		1F3F6D4E1DD1812100A5EEB7 /* Project object */ = {
			isa = PBXProject;
			attributes = {
				LastSwiftUpdateCheck = 0810;
				LastUpgradeCheck = 0810;
				ORGANIZATIONNAME = "Travis Lu";
				TargetAttributes = {
					1F3F6D551DD1812100A5EEB7 = {
						CreatedOnToolsVersion = 8.1;
						ProvisioningStyle = Automatic;
					};
					1F3F6D691DD1812100A5EEB7 = {
						CreatedOnToolsVersion = 8.1;
						ProvisioningStyle = Automatic;
						TestTargetID = 1F3F6D551DD1812100A5EEB7;
					};
					1F3F6D741DD1812100A5EEB7 = {
						CreatedOnToolsVersion = 8.1;
						ProvisioningStyle = Automatic;
						TestTargetID = 1F3F6D551DD1812100A5EEB7;
					};
				};
			};
			buildConfigurationList = 1F3F6D511DD1812100A5EEB7 /* Build configuration list for PBXProject "Kue" */;
			compatibilityVersion = "Xcode 3.2";
			developmentRegion = English;
			hasScannedForEncodings = 0;
			knownRegions = (
				en,
				Base,
			);
			mainGroup = 1F3F6D4D1DD1812100A5EEB7;
			productRefGroup = 1F3F6D571DD1812100A5EEB7 /* Products */;
			projectDirPath = "";
			projectRoot = "";
			targets = (
				1F3F6D551DD1812100A5EEB7 /* Kue */,
				1F3F6D691DD1812100A5EEB7 /* KueTests */,
				1F3F6D741DD1812100A5EEB7 /* KueUITests */,
			);
		};
/* End PBXProject section */

/* Begin PBXResourcesBuildPhase section */
		1F3F6D541DD1812100A5EEB7 /* Resources */ = {
			isa = PBXResourcesBuildPhase;
			buildActionMask = 2147483647;
			files = (
				1F3F6D641DD1812100A5EEB7 /* LaunchScreen.storyboard in Resources */,
				1F3F6D611DD1812100A5EEB7 /* Assets.xcassets in Resources */,
				1F3F6D5F1DD1812100A5EEB7 /* Main.storyboard in Resources */,
			);
			runOnlyForDeploymentPostprocessing = 0;
		};
		1F3F6D681DD1812100A5EEB7 /* Resources */ = {
			isa = PBXResourcesBuildPhase;
			buildActionMask = 2147483647;
			files = (
			);
			runOnlyForDeploymentPostprocessing = 0;
		};
		1F3F6D731DD1812100A5EEB7 /* Resources */ = {
			isa = PBXResourcesBuildPhase;
			buildActionMask = 2147483647;
			files = (
			);
			runOnlyForDeploymentPostprocessing = 0;
		};
/* End PBXResourcesBuildPhase section */

/* Begin PBXSourcesBuildPhase section */
		1F3F6D521DD1812100A5EEB7 /* Sources */ = {
			isa = PBXSourcesBuildPhase;
			buildActionMask = 2147483647;
			files = (
				1F3F6D5C1DD1812100A5EEB7 /* ViewController.swift in Sources */,
				1F3F6D5A1DD1812100A5EEB7 /* AppDelegate.swift in Sources */,
			);
			runOnlyForDeploymentPostprocessing = 0;
		};
		1F3F6D661DD1812100A5EEB7 /* Sources */ = {
			isa = PBXSourcesBuildPhase;
			buildActionMask = 2147483647;
			files = (
				1F3F6D6F1DD1812100A5EEB7 /* KueTests.swift in Sources */,
			);
			runOnlyForDeploymentPostprocessing = 0;
		};
		1F3F6D711DD1812100A5EEB7 /* Sources */ = {
			isa = PBXSourcesBuildPhase;
			buildActionMask = 2147483647;
			files = (
				1F3F6D7A1DD1812100A5EEB7 /* KueUITests.swift in Sources */,
			);
			runOnlyForDeploymentPostprocessing = 0;
		};
/* End PBXSourcesBuildPhase section */

/* Begin PBXTargetDependency section */
		1F3F6D6C1DD1812100A5EEB7 /* PBXTargetDependency */ = {
			isa = PBXTargetDependency;
			target = 1F3F6D551DD1812100A5EEB7 /* Kue */;
			targetProxy = 1F3F6D6B1DD1812100A5EEB7 /* PBXContainerItemProxy */;
		};
		1F3F6D771DD1812100A5EEB7 /* PBXTargetDependency */ = {
			isa = PBXTargetDependency;
			target = 1F3F6D551DD1812100A5EEB7 /* Kue */;
			targetProxy = 1F3F6D761DD1812100A5EEB7 /* PBXContainerItemProxy */;
		};
/* End PBXTargetDependency section */

/* Begin PBXVariantGroup section */
		1F3F6D5D1DD1812100A5EEB7 /* Main.storyboard */ = {
			isa = PBXVariantGroup;
			children = (
				1F3F6D5E1DD1812100A5EEB7 /* Base */,
			);
			name = Main.storyboard;
			sourceTree = "<group>";
		};
		1F3F6D621DD1812100A5EEB7 /* LaunchScreen.storyboard */ = {
			isa = PBXVariantGroup;
			children = (
				1F3F6D631DD1812100A5EEB7 /* Base */,
			);
			name = LaunchScreen.storyboard;
			sourceTree = "<group>";
		};
/* End PBXVariantGroup section */

/* Begin XCBuildConfiguration section */
		1F3F6D7C1DD1812100A5EEB7 /* Debug */ = {
			isa = XCBuildConfiguration;
			buildSettings = {
				ALWAYS_SEARCH_USER_PATHS = NO;
				CLANG_ANALYZER_NONNULL = YES;
				CLANG_CXX_LANGUAGE_STANDARD = "gnu++0x";
				CLANG_CXX_LIBRARY = "libc++";
				CLANG_ENABLE_MODULES = YES;
				CLANG_ENABLE_OBJC_ARC = YES;
				CLANG_WARN_BOOL_CONVERSION = YES;
				CLANG_WARN_CONSTANT_CONVERSION = YES;
				CLANG_WARN_DIRECT_OBJC_ISA_USAGE = YES_ERROR;
				CLANG_WARN_DOCUMENTATION_COMMENTS = YES;
				CLANG_WARN_EMPTY_BODY = YES;
				CLANG_WARN_ENUM_CONVERSION = YES;
				CLANG_WARN_INFINITE_RECURSION = YES;
				CLANG_WARN_INT_CONVERSION = YES;
				CLANG_WARN_OBJC_ROOT_CLASS = YES_ERROR;
				CLANG_WARN_SUSPICIOUS_MOVES = YES;
				CLANG_WARN_UNREACHABLE_CODE = YES;
				CLANG_WARN__DUPLICATE_METHOD_MATCH = YES;
				"CODE_SIGN_IDENTITY[sdk=iphoneos*]" = "iPhone Developer";
				COPY_PHASE_STRIP = NO;
				DEBUG_INFORMATION_FORMAT = dwarf;
				ENABLE_STRICT_OBJC_MSGSEND = YES;
				ENABLE_TESTABILITY = YES;
				GCC_C_LANGUAGE_STANDARD = gnu99;
				GCC_DYNAMIC_NO_PIC = NO;
				GCC_NO_COMMON_BLOCKS = YES;
				GCC_OPTIMIZATION_LEVEL = 0;
				GCC_PREPROCESSOR_DEFINITIONS = (
					"DEBUG=1",
					"$(inherited)",
				);
				GCC_WARN_64_TO_32_BIT_CONVERSION = YES;
				GCC_WARN_ABOUT_RETURN_TYPE = YES_ERROR;
				GCC_WARN_UNDECLARED_SELECTOR = YES;
				GCC_WARN_UNINITIALIZED_AUTOS = YES_AGGRESSIVE;
				GCC_WARN_UNUSED_FUNCTION = YES;
				GCC_WARN_UNUSED_VARIABLE = YES;
				IPHONEOS_DEPLOYMENT_TARGET = 10.1;
				MTL_ENABLE_DEBUG_INFO = YES;
				ONLY_ACTIVE_ARCH = YES;
				SDKROOT = iphoneos;
				SWIFT_ACTIVE_COMPILATION_CONDITIONS = DEBUG;
				SWIFT_OPTIMIZATION_LEVEL = "-Onone";
			};
			name = Debug;
		};
		1F3F6D7D1DD1812100A5EEB7 /* Release */ = {
			isa = XCBuildConfiguration;
			buildSettings = {
				ALWAYS_SEARCH_USER_PATHS = NO;
				CLANG_ANALYZER_NONNULL = YES;
				CLANG_CXX_LANGUAGE_STANDARD = "gnu++0x";
				CLANG_CXX_LIBRARY = "libc++";
				CLANG_ENABLE_MODULES = YES;
				CLANG_ENABLE_OBJC_ARC = YES;
				CLANG_WARN_BOOL_CONVERSION = YES;
				CLANG_WARN_CONSTANT_CONVERSION = YES;
				CLANG_WARN_DIRECT_OBJC_ISA_USAGE = YES_ERROR;
				CLANG_WARN_DOCUMENTATION_COMMENTS = YES;
				CLANG_WARN_EMPTY_BODY = YES;
				CLANG_WARN_ENUM_CONVERSION = YES;
				CLANG_WARN_INFINITE_RECURSION = YES;
				CLANG_WARN_INT_CONVERSION = YES;
				CLANG_WARN_OBJC_ROOT_CLASS = YES_ERROR;
				CLANG_WARN_SUSPICIOUS_MOVES = YES;
				CLANG_WARN_UNREACHABLE_CODE = YES;
				CLANG_WARN__DUPLICATE_METHOD_MATCH = YES;
				"CODE_SIGN_IDENTITY[sdk=iphoneos*]" = "iPhone Developer";
				COPY_PHASE_STRIP = NO;
				DEBUG_INFORMATION_FORMAT = "dwarf-with-dsym";
				ENABLE_NS_ASSERTIONS = NO;
				ENABLE_STRICT_OBJC_MSGSEND = YES;
				GCC_C_LANGUAGE_STANDARD = gnu99;
				GCC_NO_COMMON_BLOCKS = YES;
				GCC_WARN_64_TO_32_BIT_CONVERSION = YES;
				GCC_WARN_ABOUT_RETURN_TYPE = YES_ERROR;
				GCC_WARN_UNDECLARED_SELECTOR = YES;
				GCC_WARN_UNINITIALIZED_AUTOS = YES_AGGRESSIVE;
				GCC_WARN_UNUSED_FUNCTION = YES;
				GCC_WARN_UNUSED_VARIABLE = YES;
				IPHONEOS_DEPLOYMENT_TARGET = 10.1;
				MTL_ENABLE_DEBUG_INFO = NO;
				SDKROOT = iphoneos;
				SWIFT_OPTIMIZATION_LEVEL = "-Owholemodule";
				VALIDATE_PRODUCT = YES;
			};
			name = Release;
		};
		1F3F6D7F1DD1812100A5EEB7 /* Debug */ = {
			isa = XCBuildConfiguration;
			buildSettings = {
				ASSETCATALOG_COMPILER_APPICON_NAME = AppIcon;
				INFOPLIST_FILE = Kue/Info.plist;
				LD_RUNPATH_SEARCH_PATHS = "$(inherited) @executable_path/Frameworks";
				PRODUCT_BUNDLE_IDENTIFIER = com.travislu.Kue;
				PRODUCT_NAME = "$(TARGET_NAME)";
				SWIFT_VERSION = 3.0;
			};
			name = Debug;
		};
		1F3F6D801DD1812100A5EEB7 /* Release */ = {
			isa = XCBuildConfiguration;
			buildSettings = {
				ASSETCATALOG_COMPILER_APPICON_NAME = AppIcon;
				INFOPLIST_FILE = Kue/Info.plist;
				LD_RUNPATH_SEARCH_PATHS = "$(inherited) @executable_path/Frameworks";
				PRODUCT_BUNDLE_IDENTIFIER = com.travislu.Kue;
				PRODUCT_NAME = "$(TARGET_NAME)";
				SWIFT_VERSION = 3.0;
			};
			name = Release;
		};
		1F3F6D821DD1812100A5EEB7 /* Debug */ = {
			isa = XCBuildConfiguration;
			buildSettings = {
				ALWAYS_EMBED_SWIFT_STANDARD_LIBRARIES = YES;
				BUNDLE_LOADER = "$(TEST_HOST)";
				INFOPLIST_FILE = KueTests/Info.plist;
				LD_RUNPATH_SEARCH_PATHS = "$(inherited) @executable_path/Frameworks @loader_path/Frameworks";
				PRODUCT_BUNDLE_IDENTIFIER = com.travislu.KueTests;
				PRODUCT_NAME = "$(TARGET_NAME)";
				SWIFT_VERSION = 3.0;
				TEST_HOST = "$(BUILT_PRODUCTS_DIR)/Kue.app/Kue";
			};
			name = Debug;
		};
		1F3F6D831DD1812100A5EEB7 /* Release */ = {
			isa = XCBuildConfiguration;
			buildSettings = {
				ALWAYS_EMBED_SWIFT_STANDARD_LIBRARIES = YES;
				BUNDLE_LOADER = "$(TEST_HOST)";
				INFOPLIST_FILE = KueTests/Info.plist;
				LD_RUNPATH_SEARCH_PATHS = "$(inherited) @executable_path/Frameworks @loader_path/Frameworks";
				PRODUCT_BUNDLE_IDENTIFIER = com.travislu.KueTests;
				PRODUCT_NAME = "$(TARGET_NAME)";
				SWIFT_VERSION = 3.0;
				TEST_HOST = "$(BUILT_PRODUCTS_DIR)/Kue.app/Kue";
			};
			name = Release;
		};
		1F3F6D851DD1812100A5EEB7 /* Debug */ = {
			isa = XCBuildConfiguration;
			buildSettings = {
				ALWAYS_EMBED_SWIFT_STANDARD_LIBRARIES = YES;
				INFOPLIST_FILE = KueUITests/Info.plist;
				LD_RUNPATH_SEARCH_PATHS = "$(inherited) @executable_path/Frameworks @loader_path/Frameworks";
				PRODUCT_BUNDLE_IDENTIFIER = com.travislu.KueUITests;
				PRODUCT_NAME = "$(TARGET_NAME)";
				SWIFT_VERSION = 3.0;
				TEST_TARGET_NAME = Kue;
			};
			name = Debug;
		};
		1F3F6D861DD1812100A5EEB7 /* Release */ = {
			isa = XCBuildConfiguration;
			buildSettings = {
				ALWAYS_EMBED_SWIFT_STANDARD_LIBRARIES = YES;
				INFOPLIST_FILE = KueUITests/Info.plist;
				LD_RUNPATH_SEARCH_PATHS = "$(inherited) @executable_path/Frameworks @loader_path/Frameworks";
				PRODUCT_BUNDLE_IDENTIFIER = com.travislu.KueUITests;
				PRODUCT_NAME = "$(TARGET_NAME)";
				SWIFT_VERSION = 3.0;
				TEST_TARGET_NAME = Kue;
			};
			name = Release;
		};
/* End XCBuildConfiguration section */

/* Begin XCConfigurationList section */
		1F3F6D511DD1812100A5EEB7 /* Build configuration list for PBXProject "Kue" */ = {
			isa = XCConfigurationList;
			buildConfigurations = (
				1F3F6D7C1DD1812100A5EEB7 /* Debug */,
				1F3F6D7D1DD1812100A5EEB7 /* Release */,
			);
			defaultConfigurationIsVisible = 0;
			defaultConfigurationName = Release;
		};
		1F3F6D7E1DD1812100A5EEB7 /* Build configuration list for PBXNativeTarget "Kue" */ = {
			isa = XCConfigurationList;
			buildConfigurations = (
				1F3F6D7F1DD1812100A5EEB7 /* Debug */,
				1F3F6D801DD1812100A5EEB7 /* Release */,
			);
			defaultConfigurationIsVisible = 0;
		};
		1F3F6D811DD1812100A5EEB7 /* Build configuration list for PBXNativeTarget "KueTests" */ = {
			isa = XCConfigurationList;
			buildConfigurations = (
				1F3F6D821DD1812100A5EEB7 /* Debug */,
				1F3F6D831DD1812100A5EEB7 /* Release */,
			);
			defaultConfigurationIsVisible = 0;
		};
		1F3F6D841DD1812100A5EEB7 /* Build configuration list for PBXNativeTarget "KueUITests" */ = {
			isa = XCConfigurationList;
			buildConfigurations = (
				1F3F6D851DD1812100A5EEB7 /* Debug */,
				1F3F6D861DD1812100A5EEB7 /* Release */,
			);
			defaultConfigurationIsVisible = 0;
		};
/* End XCConfigurationList section */
	};
	rootObject = 1F3F6D4E1DD1812100A5EEB7 /* Project object */;
}
